{
  "name": "greetings",
  "version": "1.0.0",
  "description": "Testing MIT facts",
  "main": "mit.js",
  "scripts": {
    "test": "jest"
  },
  "repository": {
    "type": "git",
    "url": "git+https://github.com/sTessC/Greetings.git"
  },
  "author": "tess.chandler123@gmail.com",
  "license": "MIT",
  "homepage": "https://github.com/sTessC/Greetings#readme",
  "dependencies": {
    "jest": "^26.1.0"
  }
}
